
Microsoft Visual Studio Solution File, Format Version 12.00
# Visual Studio Version 16
VisualStudioVersion = 16.0.31729.503
MinimumVisualStudioVersion = 10.0.40219.1
Project("{FAE04EC0-301F-11D3-BF4B-00C04F79EFBC}") = "Client", "Client\Client.csproj", "{BB24B871-863E-4B4A-891C-49498D396786}"
EndProject
Project("{FAE04EC0-301F-11D3-BF4B-00C04F79EFBC}") = "Server", "Server\Server.csproj", "{0A2748B5-EE3D-434D-A92A-E9F955AC41F4}"
EndProject
Global
	GlobalSection(SolutionConfigurationPlatforms) = preSolution
		Debug|Any CPU = Debug|Any CPU
		Release|Any CPU = Release|Any CPU
	EndGlobalSection
	GlobalSection(ProjectConfigurationPlatforms) = postSolution
		{BB24B871-863E-4B4A-891C-49498D396786}.Debug|Any CPU.ActiveCfg = Debug|Any CPU
		{BB24B871-863E-4B4A-891C-49498D396786}.Debug|Any CPU.Build.0 = Debug|Any CPU
		{BB24B871-863E-4B4A-891C-49498D396786}.Release|Any CPU.ActiveCfg = Release|Any CPU
		{BB24B871-863E-4B4A-891C-49498D396786}.Release|Any CPU.Build.0 = Release|Any CPU
		{0A2748B5-EE3D-434D-A92A-E9F955AC41F4}.Debug|Any CPU.ActiveCfg = Debug|Any CPU
		{0A2748B5-EE3D-434D-A92A-E9F955AC41F4}.Debug|Any CPU.Build.0 = Debug|Any CPU
		{0A2748B5-EE3D-434D-A92A-E9F955AC41F4}.Release|Any CPU.ActiveCfg = Release|Any CPU
		{0A2748B5-EE3D-434D-A92A-E9F955AC41F4}.Release|Any CPU.Build.0 = Release|Any CPU
	EndGlobalSection
	GlobalSection(SolutionProperties) = preSolution
		HideSolutionNode = FALSE
	EndGlobalSection
	GlobalSection(ExtensibilityGlobals) = postSolution
		SolutionGuid = {4B5300A4-D04D-4E5F-AE17-C8159EEFA9DF}
	EndGlobalSection
EndGlobal
